
Microsoft Visual Studio Solution File, Format Version 12.00
# Visual Studio Version 17
VisualStudioVersion = 17.7.34009.444
MinimumVisualStudioVersion = 10.0.40219.1
Project("{2150E333-8FDC-42A3-9474-1A3956D46DE8}") = "ApiGateway", "ApiGateway", "{19B47ECF-13A2-4FC7-A26C-682B506FF132}"
EndProject
Project("{FAE04EC0-301F-11D3-BF4B-00C04F79EFBC}") = "ApiGateway", "ApiGateway\ApiGateway.csproj", "{CCD1BB4D-64EF-4802-8BCD-71B4006CB055}"
EndProject
Project("{2150E333-8FDC-42A3-9474-1A3956D46DE8}") = "Services", "Services", "{1A261182-4E71-463A-8AC8-B6B40C00D8B2}"
EndProject
Project("{FAE04EC0-301F-11D3-BF4B-00C04F79EFBC}") = "ContactApi", "ContactApi\ContactApi.csproj", "{B37CED03-F1C2-416C-883F-9AF799214C65}"
EndProject
Project("{2150E333-8FDC-42A3-9474-1A3956D46DE8}") = "ContactApi.Tests", "ContactApi.Tests", "{C2B36DF1-89A0-41EB-B9FA-D9E1945D0654}"
EndProject
Project("{FAE04EC0-301F-11D3-BF4B-00C04F79EFBC}") = "ContactApi.UnitTest", "ContactApi.UnitTest\ContactApi.UnitTest.csproj", "{23133EF2-49FF-4205-BAD9-0E0A66D60F66}"
EndProject
Project("{2150E333-8FDC-42A3-9474-1A3956D46DE8}") = "Report", "Report", "{2827DE38-7B65-4617-ADB1-384D04284E06}"
EndProject
Project("{2150E333-8FDC-42A3-9474-1A3956D46DE8}") = "Contact", "Contact", "{AAD33ABD-F6DE-43EA-B0FB-3C46FB6333B1}"
EndProject
Project("{9A19103F-16F7-4668-BE54-9A1E7A4F7556}") = "ReportApi", "Report\Report\ReportApi.csproj", "{BA5CC446-061A-40EA-9F0C-6606142B9591}"
EndProject
Global
	GlobalSection(SolutionConfigurationPlatforms) = preSolution
		Debug|Any CPU = Debug|Any CPU
		Release|Any CPU = Release|Any CPU
	EndGlobalSection
	GlobalSection(ProjectConfigurationPlatforms) = postSolution
		{CCD1BB4D-64EF-4802-8BCD-71B4006CB055}.Debug|Any CPU.ActiveCfg = Debug|Any CPU
		{CCD1BB4D-64EF-4802-8BCD-71B4006CB055}.Debug|Any CPU.Build.0 = Debug|Any CPU
		{CCD1BB4D-64EF-4802-8BCD-71B4006CB055}.Release|Any CPU.ActiveCfg = Release|Any CPU
		{CCD1BB4D-64EF-4802-8BCD-71B4006CB055}.Release|Any CPU.Build.0 = Release|Any CPU
		{B37CED03-F1C2-416C-883F-9AF799214C65}.Debug|Any CPU.ActiveCfg = Debug|Any CPU
		{B37CED03-F1C2-416C-883F-9AF799214C65}.Debug|Any CPU.Build.0 = Debug|Any CPU
		{B37CED03-F1C2-416C-883F-9AF799214C65}.Release|Any CPU.ActiveCfg = Release|Any CPU
		{B37CED03-F1C2-416C-883F-9AF799214C65}.Release|Any CPU.Build.0 = Release|Any CPU
		{23133EF2-49FF-4205-BAD9-0E0A66D60F66}.Debug|Any CPU.ActiveCfg = Debug|Any CPU
		{23133EF2-49FF-4205-BAD9-0E0A66D60F66}.Debug|Any CPU.Build.0 = Debug|Any CPU
		{23133EF2-49FF-4205-BAD9-0E0A66D60F66}.Release|Any CPU.ActiveCfg = Release|Any CPU
		{23133EF2-49FF-4205-BAD9-0E0A66D60F66}.Release|Any CPU.Build.0 = Release|Any CPU
		{BA5CC446-061A-40EA-9F0C-6606142B9591}.Debug|Any CPU.ActiveCfg = Debug|Any CPU
		{BA5CC446-061A-40EA-9F0C-6606142B9591}.Debug|Any CPU.Build.0 = Debug|Any CPU
		{BA5CC446-061A-40EA-9F0C-6606142B9591}.Release|Any CPU.ActiveCfg = Release|Any CPU
		{BA5CC446-061A-40EA-9F0C-6606142B9591}.Release|Any CPU.Build.0 = Release|Any CPU
	EndGlobalSection
	GlobalSection(SolutionProperties) = preSolution
		HideSolutionNode = FALSE
	EndGlobalSection
	GlobalSection(NestedProjects) = preSolution
		{CCD1BB4D-64EF-4802-8BCD-71B4006CB055} = {19B47ECF-13A2-4FC7-A26C-682B506FF132}
		{B37CED03-F1C2-416C-883F-9AF799214C65} = {AAD33ABD-F6DE-43EA-B0FB-3C46FB6333B1}
		{C2B36DF1-89A0-41EB-B9FA-D9E1945D0654} = {AAD33ABD-F6DE-43EA-B0FB-3C46FB6333B1}
		{23133EF2-49FF-4205-BAD9-0E0A66D60F66} = {C2B36DF1-89A0-41EB-B9FA-D9E1945D0654}
		{2827DE38-7B65-4617-ADB1-384D04284E06} = {1A261182-4E71-463A-8AC8-B6B40C00D8B2}
		{AAD33ABD-F6DE-43EA-B0FB-3C46FB6333B1} = {1A261182-4E71-463A-8AC8-B6B40C00D8B2}
		{BA5CC446-061A-40EA-9F0C-6606142B9591} = {2827DE38-7B65-4617-ADB1-384D04284E06}
	EndGlobalSection
	GlobalSection(ExtensibilityGlobals) = postSolution
		SolutionGuid = {753FEF59-753E-40C5-A186-4A2B2AEFFDD1}
	EndGlobalSection
EndGlobal
